
Microsoft Visual Studio Solution File, Format Version 12.00
# Visual Studio Version 17
VisualStudioVersion = 17.2.32630.192
MinimumVisualStudioVersion = 10.0.40219.1
Project("{FAE04EC0-301F-11D3-BF4B-00C04F79EFBC}") = "AgHW4-1", "AgHW4-1.csproj", "{A10E7777-89A0-4E55-AAD5-44341DB4D5F8}"
EndProject
Project("{2150E333-8FDC-42A3-9474-1A3956D46DE8}") = "Элементы решения", "Элементы решения", "{D3B9DDE4-8BF7-4AA8-AEED-1B738586CB7E}"
EndProject
Global
	GlobalSection(SolutionConfigurationPlatforms) = preSolution
		Debug|Any CPU = Debug|Any CPU
		Release|Any CPU = Release|Any CPU
	EndGlobalSection
	GlobalSection(ProjectConfigurationPlatforms) = postSolution
		{A10E7777-89A0-4E55-AAD5-44341DB4D5F8}.Debug|Any CPU.ActiveCfg = Debug|Any CPU
		{A10E7777-89A0-4E55-AAD5-44341DB4D5F8}.Debug|Any CPU.Build.0 = Debug|Any CPU
		{A10E7777-89A0-4E55-AAD5-44341DB4D5F8}.Release|Any CPU.ActiveCfg = Release|Any CPU
		{A10E7777-89A0-4E55-AAD5-44341DB4D5F8}.Release|Any CPU.Build.0 = Release|Any CPU
	EndGlobalSection
	GlobalSection(SolutionProperties) = preSolution
		HideSolutionNode = FALSE
	EndGlobalSection
	GlobalSection(ExtensibilityGlobals) = postSolution
		SolutionGuid = {1AB56F40-1906-4D0A-B173-7CABBBA9084D}
	EndGlobalSection
EndGlobal
